
Microsoft Visual Studio Solution File, Format Version 12.00
# Visual Studio Version 17
VisualStudioVersion = 17.10.34928.147
MinimumVisualStudioVersion = 10.0.40219.1
Project("{2150E333-8FDC-42A3-9474-1A3956D46DE8}") = "API", "API", "{8F9ECCFC-D3DD-49D9-A4B6-C6C1CDD171F8}"
EndProject
Project("{9A19103F-16F7-4668-BE54-9A1E7A4F7556}") = "Profile.BLL", "src\Profile.BLL\Profile.BLL.csproj", "{397AFC42-AA55-4442-930F-C6B6D55EFA2A}"
EndProject
Project("{9A19103F-16F7-4668-BE54-9A1E7A4F7556}") = "Profile.DAL", "src\Profile.DAL\Profile.DAL.csproj", "{644FADA3-9121-4488-A864-5DFFDBAC35BE}"
EndProject
Project("{9A19103F-16F7-4668-BE54-9A1E7A4F7556}") = "Profile.API", "src\Profile.API\Profile.API.csproj", "{583C1BC9-C673-4E8B-AD0C-6A85820D54BF}"
EndProject
Project("{2150E333-8FDC-42A3-9474-1A3956D46DE8}") = "Tests", "Tests", "{C14A4590-C7EE-4C0F-89E7-AD3629B2235D}"
EndProject
Project("{9A19103F-16F7-4668-BE54-9A1E7A4F7556}") = "Profile.Tests", "src\Profile.Tests\Profile.Tests.csproj", "{6EF71B22-1DD5-4031-9251-3C586C4BEFE4}"
EndProject
Project("{E53339B2-1760-4266-BCC7-CA923CBCF16C}") = "docker-compose", "..\..\docker-compose.dcproj", "{13D13897-C57D-484E-AF9D-F3E40A55F7A4}"
EndProject
Project("{2150E333-8FDC-42A3-9474-1A3956D46DE8}") = "DAL", "DAL", "{91864C6B-1C48-4EC1-8A85-2111697B139B}"
EndProject
Project("{2150E333-8FDC-42A3-9474-1A3956D46DE8}") = "BLL", "BLL", "{84FAC9CE-5B4E-4163-9AF0-344D06292489}"
EndProject
Project("{9A19103F-16F7-4668-BE54-9A1E7A4F7556}") = "RPSGame.Broker", "..\..\Shared\Broker\RPSGame.Broker.csproj", "{0C706D1E-9EC5-46CF-B429-4084B3690E47}"
EndProject
Global
	GlobalSection(SolutionConfigurationPlatforms) = preSolution
		Debug|Any CPU = Debug|Any CPU
		Release|Any CPU = Release|Any CPU
	EndGlobalSection
	GlobalSection(ProjectConfigurationPlatforms) = postSolution
		{397AFC42-AA55-4442-930F-C6B6D55EFA2A}.Debug|Any CPU.ActiveCfg = Debug|Any CPU
		{397AFC42-AA55-4442-930F-C6B6D55EFA2A}.Debug|Any CPU.Build.0 = Debug|Any CPU
		{397AFC42-AA55-4442-930F-C6B6D55EFA2A}.Release|Any CPU.ActiveCfg = Release|Any CPU
		{397AFC42-AA55-4442-930F-C6B6D55EFA2A}.Release|Any CPU.Build.0 = Release|Any CPU
		{644FADA3-9121-4488-A864-5DFFDBAC35BE}.Debug|Any CPU.ActiveCfg = Debug|Any CPU
		{644FADA3-9121-4488-A864-5DFFDBAC35BE}.Debug|Any CPU.Build.0 = Debug|Any CPU
		{644FADA3-9121-4488-A864-5DFFDBAC35BE}.Release|Any CPU.ActiveCfg = Release|Any CPU
		{644FADA3-9121-4488-A864-5DFFDBAC35BE}.Release|Any CPU.Build.0 = Release|Any CPU
		{583C1BC9-C673-4E8B-AD0C-6A85820D54BF}.Debug|Any CPU.ActiveCfg = Debug|Any CPU
		{583C1BC9-C673-4E8B-AD0C-6A85820D54BF}.Debug|Any CPU.Build.0 = Debug|Any CPU
		{583C1BC9-C673-4E8B-AD0C-6A85820D54BF}.Release|Any CPU.ActiveCfg = Release|Any CPU
		{583C1BC9-C673-4E8B-AD0C-6A85820D54BF}.Release|Any CPU.Build.0 = Release|Any CPU
		{6EF71B22-1DD5-4031-9251-3C586C4BEFE4}.Debug|Any CPU.ActiveCfg = Debug|Any CPU
		{6EF71B22-1DD5-4031-9251-3C586C4BEFE4}.Debug|Any CPU.Build.0 = Debug|Any CPU
		{6EF71B22-1DD5-4031-9251-3C586C4BEFE4}.Release|Any CPU.ActiveCfg = Release|Any CPU
		{6EF71B22-1DD5-4031-9251-3C586C4BEFE4}.Release|Any CPU.Build.0 = Release|Any CPU
		{13D13897-C57D-484E-AF9D-F3E40A55F7A4}.Debug|Any CPU.ActiveCfg = Debug|Any CPU
		{13D13897-C57D-484E-AF9D-F3E40A55F7A4}.Debug|Any CPU.Build.0 = Debug|Any CPU
		{13D13897-C57D-484E-AF9D-F3E40A55F7A4}.Release|Any CPU.ActiveCfg = Release|Any CPU
		{13D13897-C57D-484E-AF9D-F3E40A55F7A4}.Release|Any CPU.Build.0 = Release|Any CPU
		{0C706D1E-9EC5-46CF-B429-4084B3690E47}.Debug|Any CPU.ActiveCfg = Debug|Any CPU
		{0C706D1E-9EC5-46CF-B429-4084B3690E47}.Debug|Any CPU.Build.0 = Debug|Any CPU
		{0C706D1E-9EC5-46CF-B429-4084B3690E47}.Release|Any CPU.ActiveCfg = Release|Any CPU
		{0C706D1E-9EC5-46CF-B429-4084B3690E47}.Release|Any CPU.Build.0 = Release|Any CPU
	EndGlobalSection
	GlobalSection(SolutionProperties) = preSolution
		HideSolutionNode = FALSE
	EndGlobalSection
	GlobalSection(NestedProjects) = preSolution
		{397AFC42-AA55-4442-930F-C6B6D55EFA2A} = {84FAC9CE-5B4E-4163-9AF0-344D06292489}
		{644FADA3-9121-4488-A864-5DFFDBAC35BE} = {91864C6B-1C48-4EC1-8A85-2111697B139B}
		{583C1BC9-C673-4E8B-AD0C-6A85820D54BF} = {8F9ECCFC-D3DD-49D9-A4B6-C6C1CDD171F8}
		{6EF71B22-1DD5-4031-9251-3C586C4BEFE4} = {C14A4590-C7EE-4C0F-89E7-AD3629B2235D}
	EndGlobalSection
	GlobalSection(ExtensibilityGlobals) = postSolution
		SolutionGuid = {2B64B57E-9B08-476D-818C-730EF529E639}
	EndGlobalSection
EndGlobal
