
Microsoft Visual Studio Solution File, Format Version 12.00
# Visual Studio Version 17
VisualStudioVersion = 17.10.34928.147
MinimumVisualStudioVersion = 10.0.40219.1
Project("{FAE04EC0-301F-11D3-BF4B-00C04F79EFBC}") = "RPSGame.Broker", "RPSGame.Broker\RPSGame.Broker.csproj", "{8C0B42EE-307E-441A-8EFE-1E19F451F19C}"
EndProject
Global
	GlobalSection(SolutionConfigurationPlatforms) = preSolution
		Debug|Any CPU = Debug|Any CPU
		Release|Any CPU = Release|Any CPU
	EndGlobalSection
	GlobalSection(ProjectConfigurationPlatforms) = postSolution
		{8C0B42EE-307E-441A-8EFE-1E19F451F19C}.Debug|Any CPU.ActiveCfg = Debug|Any CPU
		{8C0B42EE-307E-441A-8EFE-1E19F451F19C}.Debug|Any CPU.Build.0 = Debug|Any CPU
		{8C0B42EE-307E-441A-8EFE-1E19F451F19C}.Release|Any CPU.ActiveCfg = Release|Any CPU
		{8C0B42EE-307E-441A-8EFE-1E19F451F19C}.Release|Any CPU.Build.0 = Release|Any CPU
	EndGlobalSection
	GlobalSection(SolutionProperties) = preSolution
		HideSolutionNode = FALSE
	EndGlobalSection
	GlobalSection(ExtensibilityGlobals) = postSolution
		SolutionGuid = {4E134DFF-A875-41CF-AA16-211F5BDD424B}
	EndGlobalSection
EndGlobal
